// !$*UTF8*$!
{
	archiveVersion = 1;
	classes = {
	};
	objectVersion = 48;
	objects = {

/* Begin PBXBuildFile section */
		180E69992015EE1900A37A7C /* AppDelegate.swift in Sources */ = {isa = PBXBuildFile; fileRef = 180E69982015EE1900A37A7C /* AppDelegate.swift */; };
		180E69A02015EE1900A37A7C /* Assets.xcassets in Resources */ = {isa = PBXBuildFile; fileRef = 180E699F2015EE1900A37A7C /* Assets.xcassets */; };
		180E69A32015EE1900A37A7C /* LaunchScreen.storyboard in Resources */ = {isa = PBXBuildFile; fileRef = 180E69A12015EE1900A37A7C /* LaunchScreen.storyboard */; };
		180E69AB2017192700A37A7C /* HomeController.swift in Sources */ = {isa = PBXBuildFile; fileRef = 180E69AA2017192700A37A7C /* HomeController.swift */; };
		180E69AD20197ECC00A37A7C /* HomeDatasourceController.swift in Sources */ = {isa = PBXBuildFile; fileRef = 180E69AC20197ECC00A37A7C /* HomeDatasourceController.swift */; };
		180E69B22019ABB100A37A7C /* Cells.swift in Sources */ = {isa = PBXBuildFile; fileRef = 180E69B12019ABB100A37A7C /* Cells.swift */; };
		180E69B42019AC3300A37A7C /* HomeDatasource.swift in Sources */ = {isa = PBXBuildFile; fileRef = 180E69B32019AC3300A37A7C /* HomeDatasource.swift */; };
		9C7A745AB9C85968851D8D6B /* Pods_Twii.framework in Frameworks */ = {isa = PBXBuildFile; fileRef = CDD2B3952873630F3F13792F /* Pods_Twii.framework */; };
/* End PBXBuildFile section */

/* Begin PBXFileReference section */
		180E69952015EE1900A37A7C /* Twii.app */ = {isa = PBXFileReference; explicitFileType = wrapper.application; includeInIndex = 0; path = Twii.app; sourceTree = BUILT_PRODUCTS_DIR; };
		180E69982015EE1900A37A7C /* AppDelegate.swift */ = {isa = PBXFileReference; lastKnownFileType = sourcecode.swift; path = AppDelegate.swift; sourceTree = "<group>"; };
		180E699F2015EE1900A37A7C /* Assets.xcassets */ = {isa = PBXFileReference; lastKnownFileType = folder.assetcatalog; path = Assets.xcassets; sourceTree = "<group>"; };
		180E69A22015EE1900A37A7C /* Base */ = {isa = PBXFileReference; lastKnownFileType = file.storyboard; name = Base; path = Base.lproj/LaunchScreen.storyboard; sourceTree = "<group>"; };
		180E69A42015EE1900A37A7C /* Info.plist */ = {isa = PBXFileReference; lastKnownFileType = text.plist.xml; path = Info.plist; sourceTree = "<group>"; };
		180E69AA2017192700A37A7C /* HomeController.swift */ = {isa = PBXFileReference; lastKnownFileType = sourcecode.swift; path = HomeController.swift; sourceTree = "<group>"; };
		180E69AC20197ECC00A37A7C /* HomeDatasourceController.swift */ = {isa = PBXFileReference; lastKnownFileType = sourcecode.swift; path = HomeDatasourceController.swift; sourceTree = "<group>"; };
		180E69B12019ABB100A37A7C /* Cells.swift */ = {isa = PBXFileReference; lastKnownFileType = sourcecode.swift; path = Cells.swift; sourceTree = "<group>"; };
		180E69B32019AC3300A37A7C /* HomeDatasource.swift */ = {isa = PBXFileReference; lastKnownFileType = sourcecode.swift; path = HomeDatasource.swift; sourceTree = "<group>"; };
		2DA0BD260410B9F8F4D650AB /* Pods-Twii.release.xcconfig */ = {isa = PBXFileReference; includeInIndex = 1; lastKnownFileType = text.xcconfig; name = "Pods-Twii.release.xcconfig"; path = "Pods/Target Support Files/Pods-Twii/Pods-Twii.release.xcconfig"; sourceTree = "<group>"; };
		747C54BEE6661E4470E7F698 /* Pods-Twii.debug.xcconfig */ = {isa = PBXFileReference; includeInIndex = 1; lastKnownFileType = text.xcconfig; name = "Pods-Twii.debug.xcconfig"; path = "Pods/Target Support Files/Pods-Twii/Pods-Twii.debug.xcconfig"; sourceTree = "<group>"; };
		CDD2B3952873630F3F13792F /* Pods_Twii.framework */ = {isa = PBXFileReference; explicitFileType = wrapper.framework; includeInIndex = 0; path = Pods_Twii.framework; sourceTree = BUILT_PRODUCTS_DIR; };
/* End PBXFileReference section */

/* Begin PBXFrameworksBuildPhase section */
		180E69922015EE1900A37A7C /* Frameworks */ = {
			isa = PBXFrameworksBuildPhase;
			buildActionMask = 2147483647;
			files = (
				9C7A745AB9C85968851D8D6B /* Pods_Twii.framework in Frameworks */,
			);
			runOnlyForDeploymentPostprocessing = 0;
		};
/* End PBXFrameworksBuildPhase section */

/* Begin PBXGroup section */
		180E698C2015EE1900A37A7C = {
			isa = PBXGroup;
			children = (
				180E69972015EE1900A37A7C /* Twii */,
				180E69962015EE1900A37A7C /* Products */,
				6774BA1759123E6351CA3550 /* Pods */,
				C5B8BED2017835CE520D667D /* Frameworks */,
			);
			sourceTree = "<group>";
		};
		180E69962015EE1900A37A7C /* Products */ = {
			isa = PBXGroup;
			children = (
				180E69952015EE1900A37A7C /* Twii.app */,
			);
			name = Products;
			sourceTree = "<group>";
		};
		180E69972015EE1900A37A7C /* Twii */ = {
			isa = PBXGroup;
			children = (
				180E69B02019AB8000A37A7C /* View */,
				180E69AF2019AB7300A37A7C /* Model */,
				180E69AE2019AB5C00A37A7C /* Controller */,
				180E69982015EE1900A37A7C /* AppDelegate.swift */,
				180E69AA2017192700A37A7C /* HomeController.swift */,
				180E699F2015EE1900A37A7C /* Assets.xcassets */,
				180E69A12015EE1900A37A7C /* LaunchScreen.storyboard */,
				180E69A42015EE1900A37A7C /* Info.plist */,
			);
			path = Twii;
			sourceTree = "<group>";
		};
		180E69AE2019AB5C00A37A7C /* Controller */ = {
			isa = PBXGroup;
			children = (
				180E69AC20197ECC00A37A7C /* HomeDatasourceController.swift */,
			);
			path = Controller;
			sourceTree = "<group>";
		};
		180E69AF2019AB7300A37A7C /* Model */ = {
			isa = PBXGroup;
			children = (
				180E69B32019AC3300A37A7C /* HomeDatasource.swift */,
			);
			path = Model;
			sourceTree = "<group>";
		};
		180E69B02019AB8000A37A7C /* View */ = {
			isa = PBXGroup;
			children = (
				180E69B12019ABB100A37A7C /* Cells.swift */,
			);
			path = View;
			sourceTree = "<group>";
		};
		6774BA1759123E6351CA3550 /* Pods */ = {
			isa = PBXGroup;
			children = (
				747C54BEE6661E4470E7F698 /* Pods-Twii.debug.xcconfig */,
				2DA0BD260410B9F8F4D650AB /* Pods-Twii.release.xcconfig */,
			);
			name = Pods;
			sourceTree = "<group>";
		};
		C5B8BED2017835CE520D667D /* Frameworks */ = {
			isa = PBXGroup;
			children = (
				CDD2B3952873630F3F13792F /* Pods_Twii.framework */,
			);
			name = Frameworks;
			sourceTree = "<group>";
		};
/* End PBXGroup section */

/* Begin PBXNativeTarget section */
		180E69942015EE1900A37A7C /* Twii */ = {
			isa = PBXNativeTarget;
			buildConfigurationList = 180E69A72015EE1900A37A7C /* Build configuration list for PBXNativeTarget "Twii" */;
			buildPhases = (
				316FFBCA9C26736D0A22526D /* [CP] Check Pods Manifest.lock */,
				180E69912015EE1900A37A7C /* Sources */,
				180E69922015EE1900A37A7C /* Frameworks */,
				180E69932015EE1900A37A7C /* Resources */,
				504264F4A497DAB8B506AF29 /* [CP] Embed Pods Frameworks */,
				85FB9B9AA51ADC174E151B8F /* [CP] Copy Pods Resources */,
			);
			buildRules = (
			);
			dependencies = (
			);
			name = Twii;
			productName = Twii;
			productReference = 180E69952015EE1900A37A7C /* Twii.app */;
			productType = "com.apple.product-type.application";
		};
/* End PBXNativeTarget section */

/* Begin PBXProject section */
		180E698D2015EE1900A37A7C /* Project object */ = {
			isa = PBXProject;
			attributes = {
				LastSwiftUpdateCheck = 0920;
				LastUpgradeCheck = 0920;
				ORGANIZATIONNAME = Hankho;
				TargetAttributes = {
					180E69942015EE1900A37A7C = {
						CreatedOnToolsVersion = 9.2;
						ProvisioningStyle = Automatic;
					};
				};
			};
			buildConfigurationList = 180E69902015EE1900A37A7C /* Build configuration list for PBXProject "Twii" */;
			compatibilityVersion = "Xcode 8.0";
			developmentRegion = en;
			hasScannedForEncodings = 0;
			knownRegions = (
				en,
				Base,
			);
			mainGroup = 180E698C2015EE1900A37A7C;
			productRefGroup = 180E69962015EE1900A37A7C /* Products */;
			projectDirPath = "";
			projectRoot = "";
			targets = (
				180E69942015EE1900A37A7C /* Twii */,
			);
		};
/* End PBXProject section */

/* Begin PBXResourcesBuildPhase section */
		180E69932015EE1900A37A7C /* Resources */ = {
			isa = PBXResourcesBuildPhase;
			buildActionMask = 2147483647;
			files = (
				180E69A32015EE1900A37A7C /* LaunchScreen.storyboard in Resources */,
				180E69A02015EE1900A37A7C /* Assets.xcassets in Resources */,
			);
			runOnlyForDeploymentPostprocessing = 0;
		};
/* End PBXResourcesBuildPhase section */

/* Begin PBXShellScriptBuildPhase section */
		316FFBCA9C26736D0A22526D /* [CP] Check Pods Manifest.lock */ = {
			isa = PBXShellScriptBuildPhase;
			buildActionMask = 2147483647;
			files = (
			);
			inputPaths = (
				"${PODS_PODFILE_DIR_PATH}/Podfile.lock",
				"${PODS_ROOT}/Manifest.lock",
			);
			name = "[CP] Check Pods Manifest.lock";
			outputPaths = (
				"$(DERIVED_FILE_DIR)/Pods-Twii-checkManifestLockResult.txt",
			);
			runOnlyForDeploymentPostprocessing = 0;
			shellPath = /bin/sh;
			shellScript = "diff \"${PODS_PODFILE_DIR_PATH}/Podfile.lock\" \"${PODS_ROOT}/Manifest.lock\" > /dev/null\nif [ $? != 0 ] ; then\n    # print error to STDERR\n    echo \"error: The sandbox is not in sync with the Podfile.lock. Run 'pod install' or update your CocoaPods installation.\" >&2\n    exit 1\nfi\n# This output is used by Xcode 'outputs' to avoid re-running this script phase.\necho \"SUCCESS\" > \"${SCRIPT_OUTPUT_FILE_0}\"\n";
			showEnvVarsInLog = 0;
		};
		504264F4A497DAB8B506AF29 /* [CP] Embed Pods Frameworks */ = {
			isa = PBXShellScriptBuildPhase;
			buildActionMask = 2147483647;
			files = (
			);
			inputPaths = (
				"${SRCROOT}/Pods/Target Support Files/Pods-Twii/Pods-Twii-frameworks.sh",
				"${BUILT_PRODUCTS_DIR}/LBTAComponents/LBTAComponents.framework",
			);
			name = "[CP] Embed Pods Frameworks";
			outputPaths = (
				"${TARGET_BUILD_DIR}/${FRAMEWORKS_FOLDER_PATH}/LBTAComponents.framework",
			);
			runOnlyForDeploymentPostprocessing = 0;
			shellPath = /bin/sh;
			shellScript = "\"${SRCROOT}/Pods/Target Support Files/Pods-Twii/Pods-Twii-frameworks.sh\"\n";
			showEnvVarsInLog = 0;
		};
		85FB9B9AA51ADC174E151B8F /* [CP] Copy Pods Resources */ = {
			isa = PBXShellScriptBuildPhase;
			buildActionMask = 2147483647;
			files = (
			);
			inputPaths = (
			);
			name = "[CP] Copy Pods Resources";
			outputPaths = (
			);
			runOnlyForDeploymentPostprocessing = 0;
			shellPath = /bin/sh;
			shellScript = "\"${SRCROOT}/Pods/Target Support Files/Pods-Twii/Pods-Twii-resources.sh\"\n";
			showEnvVarsInLog = 0;
		};
/* End PBXShellScriptBuildPhase section */

/* Begin PBXSourcesBuildPhase section */
		180E69912015EE1900A37A7C /* Sources */ = {
			isa = PBXSourcesBuildPhase;
			buildActionMask = 2147483647;
			files = (
				180E69B42019AC3300A37A7C /* HomeDatasource.swift in Sources */,
				180E69992015EE1900A37A7C /* AppDelegate.swift in Sources */,
				180E69B22019ABB100A37A7C /* Cells.swift in Sources */,
				180E69AD20197ECC00A37A7C /* HomeDatasourceController.swift in Sources */,
				180E69AB2017192700A37A7C /* HomeController.swift in Sources */,
			);
			runOnlyForDeploymentPostprocessing = 0;
		};
/* End PBXSourcesBuildPhase section */

/* Begin PBXVariantGroup section */
		180E69A12015EE1900A37A7C /* LaunchScreen.storyboard */ = {
			isa = PBXVariantGroup;
			children = (
				180E69A22015EE1900A37A7C /* Base */,
			);
			name = LaunchScreen.storyboard;
			sourceTree = "<group>";
		};
/* End PBXVariantGroup section */

/* Begin XCBuildConfiguration section */
		180E69A52015EE1900A37A7C /* Debug */ = {
			isa = XCBuildConfiguration;
			buildSettings = {
				ALWAYS_SEARCH_USER_PATHS = NO;
				CLANG_ANALYZER_NONNULL = YES;
				CLANG_ANALYZER_NUMBER_OBJECT_CONVERSION = YES_AGGRESSIVE;
				CLANG_CXX_LANGUAGE_STANDARD = "gnu++14";
				CLANG_CXX_LIBRARY = "libc++";
				CLANG_ENABLE_MODULES = YES;
				CLANG_ENABLE_OBJC_ARC = YES;
				CLANG_WARN_BLOCK_CAPTURE_AUTORELEASING = YES;
				CLANG_WARN_BOOL_CONVERSION = YES;
				CLANG_WARN_COMMA = YES;
				CLANG_WARN_CONSTANT_CONVERSION = YES;
				CLANG_WARN_DIRECT_OBJC_ISA_USAGE = YES_ERROR;
				CLANG_WARN_DOCUMENTATION_COMMENTS = YES;
				CLANG_WARN_EMPTY_BODY = YES;
				CLANG_WARN_ENUM_CONVERSION = YES;
				CLANG_WARN_INFINITE_RECURSION = YES;
				CLANG_WARN_INT_CONVERSION = YES;
				CLANG_WARN_NON_LITERAL_NULL_CONVERSION = YES;
				CLANG_WARN_OBJC_LITERAL_CONVERSION = YES;
				CLANG_WARN_OBJC_ROOT_CLASS = YES_ERROR;
				CLANG_WARN_RANGE_LOOP_ANALYSIS = YES;
				CLANG_WARN_STRICT_PROTOTYPES = YES;
				CLANG_WARN_SUSPICIOUS_MOVE = YES;
				CLANG_WARN_UNGUARDED_AVAILABILITY = YES_AGGRESSIVE;
				CLANG_WARN_UNREACHABLE_CODE = YES;
				CLANG_WARN__DUPLICATE_METHOD_MATCH = YES;
				CODE_SIGN_IDENTITY = "iPhone Developer";
				COPY_PHASE_STRIP = NO;
				DEBUG_INFORMATION_FORMAT = dwarf;
				ENABLE_STRICT_OBJC_MSGSEND = YES;
				ENABLE_TESTABILITY = YES;
				GCC_C_LANGUAGE_STANDARD = gnu11;
				GCC_DYNAMIC_NO_PIC = NO;
				GCC_NO_COMMON_BLOCKS = YES;
				GCC_OPTIMIZATION_LEVEL = 0;
				GCC_PREPROCESSOR_DEFINITIONS = (
					"DEBUG=1",
					"$(inherited)",
				);
				GCC_WARN_64_TO_32_BIT_CONVERSION = YES;
				GCC_WARN_ABOUT_RETURN_TYPE = YES_ERROR;
				GCC_WARN_UNDECLARED_SELECTOR = YES;
				GCC_WARN_UNINITIALIZED_AUTOS = YES_AGGRESSIVE;
				GCC_WARN_UNUSED_FUNCTION = YES;
				GCC_WARN_UNUSED_VARIABLE = YES;
				IPHONEOS_DEPLOYMENT_TARGET = 11.2;
				MTL_ENABLE_DEBUG_INFO = YES;
				ONLY_ACTIVE_ARCH = YES;
				SDKROOT = iphoneos;
				SWIFT_ACTIVE_COMPILATION_CONDITIONS = DEBUG;
				SWIFT_OPTIMIZATION_LEVEL = "-Onone";
			};
			name = Debug;
		};
		180E69A62015EE1900A37A7C /* Release */ = {
			isa = XCBuildConfiguration;
			buildSettings = {
				ALWAYS_SEARCH_USER_PATHS = NO;
				CLANG_ANALYZER_NONNULL = YES;
				CLANG_ANALYZER_NUMBER_OBJECT_CONVERSION = YES_AGGRESSIVE;
				CLANG_CXX_LANGUAGE_STANDARD = "gnu++14";
				CLANG_CXX_LIBRARY = "libc++";
				CLANG_ENABLE_MODULES = YES;
				CLANG_ENABLE_OBJC_ARC = YES;
				CLANG_WARN_BLOCK_CAPTURE_AUTORELEASING = YES;
				CLANG_WARN_BOOL_CONVERSION = YES;
				CLANG_WARN_COMMA = YES;
				CLANG_WARN_CONSTANT_CONVERSION = YES;
				CLANG_WARN_DIRECT_OBJC_ISA_USAGE = YES_ERROR;
				CLANG_WARN_DOCUMENTATION_COMMENTS = YES;
				CLANG_WARN_EMPTY_BODY = YES;
				CLANG_WARN_ENUM_CONVERSION = YES;
				CLANG_WARN_INFINITE_RECURSION = YES;
				CLANG_WARN_INT_CONVERSION = YES;
				CLANG_WARN_NON_LITERAL_NULL_CONVERSION = YES;
				CLANG_WARN_OBJC_LITERAL_CONVERSION = YES;
				CLANG_WARN_OBJC_ROOT_CLASS = YES_ERROR;
				CLANG_WARN_RANGE_LOOP_ANALYSIS = YES;
				CLANG_WARN_STRICT_PROTOTYPES = YES;
				CLANG_WARN_SUSPICIOUS_MOVE = YES;
				CLANG_WARN_UNGUARDED_AVAILABILITY = YES_AGGRESSIVE;
				CLANG_WARN_UNREACHABLE_CODE = YES;
				CLANG_WARN__DUPLICATE_METHOD_MATCH = YES;
				CODE_SIGN_IDENTITY = "iPhone Developer";
				COPY_PHASE_STRIP = NO;
				DEBUG_INFORMATION_FORMAT = "dwarf-with-dsym";
				ENABLE_NS_ASSERTIONS = NO;
				ENABLE_STRICT_OBJC_MSGSEND = YES;
				GCC_C_LANGUAGE_STANDARD = gnu11;
				GCC_NO_COMMON_BLOCKS = YES;
				GCC_WARN_64_TO_32_BIT_CONVERSION = YES;
				GCC_WARN_ABOUT_RETURN_TYPE = YES_ERROR;
				GCC_WARN_UNDECLARED_SELECTOR = YES;
				GCC_WARN_UNINITIALIZED_AUTOS = YES_AGGRESSIVE;
				GCC_WARN_UNUSED_FUNCTION = YES;
				GCC_WARN_UNUSED_VARIABLE = YES;
				IPHONEOS_DEPLOYMENT_TARGET = 11.2;
				MTL_ENABLE_DEBUG_INFO = NO;
				SDKROOT = iphoneos;
				SWIFT_OPTIMIZATION_LEVEL = "-Owholemodule";
				VALIDATE_PRODUCT = YES;
			};
			name = Release;
		};
		180E69A82015EE1900A37A7C /* Debug */ = {
			isa = XCBuildConfiguration;
			baseConfigurationReference = 747C54BEE6661E4470E7F698 /* Pods-Twii.debug.xcconfig */;
			buildSettings = {
				ASSETCATALOG_COMPILER_APPICON_NAME = AppIcon;
				CODE_SIGN_STYLE = Automatic;
				DEVELOPMENT_TEAM = "";
				INFOPLIST_FILE = Twii/Info.plist;
				IPHONEOS_DEPLOYMENT_TARGET = 11.2;
				LD_RUNPATH_SEARCH_PATHS = "$(inherited) @executable_path/Frameworks";
				PRODUCT_BUNDLE_IDENTIFIER = com.example.Twii;
				PRODUCT_NAME = "$(TARGET_NAME)";
				SWIFT_VERSION = 4.0;
				TARGETED_DEVICE_FAMILY = "1,2";
			};
			name = Debug;
		};
		180E69A92015EE1900A37A7C /* Release */ = {
			isa = XCBuildConfiguration;
			baseConfigurationReference = 2DA0BD260410B9F8F4D650AB /* Pods-Twii.release.xcconfig */;
			buildSettings = {
				ASSETCATALOG_COMPILER_APPICON_NAME = AppIcon;
				CODE_SIGN_STYLE = Automatic;
				DEVELOPMENT_TEAM = "";
				INFOPLIST_FILE = Twii/Info.plist;
				IPHONEOS_DEPLOYMENT_TARGET = 11.2;
				LD_RUNPATH_SEARCH_PATHS = "$(inherited) @executable_path/Frameworks";
				PRODUCT_BUNDLE_IDENTIFIER = com.example.Twii;
				PRODUCT_NAME = "$(TARGET_NAME)";
				SWIFT_VERSION = 4.0;
				TARGETED_DEVICE_FAMILY = "1,2";
			};
			name = Release;
		};
/* End XCBuildConfiguration section */

/* Begin XCConfigurationList section */
		180E69902015EE1900A37A7C /* Build configuration list for PBXProject "Twii" */ = {
			isa = XCConfigurationList;
			buildConfigurations = (
				180E69A52015EE1900A37A7C /* Debug */,
				180E69A62015EE1900A37A7C /* Release */,
			);
			defaultConfigurationIsVisible = 0;
			defaultConfigurationName = Release;
		};
		180E69A72015EE1900A37A7C /* Build configuration list for PBXNativeTarget "Twii" */ = {
			isa = XCConfigurationList;
			buildConfigurations = (
				180E69A82015EE1900A37A7C /* Debug */,
				180E69A92015EE1900A37A7C /* Release */,
			);
			defaultConfigurationIsVisible = 0;
			defaultConfigurationName = Release;
		};
/* End XCConfigurationList section */
	};
	rootObject = 180E698D2015EE1900A37A7C /* Project object */;
}
